// !$*UTF8*$!
{
	archiveVersion = 1;
	classes = {
	};
	objectVersion = 46;
	objects = {

/* Begin PBXBuildFile section */
		E7AB274E1BF48A5F00A5116B /* main.m in Sources */ = {isa = PBXBuildFile; fileRef = E7AB274D1BF48A5F00A5116B /* main.m */; };
		E7AB27511BF48A5F00A5116B /* AppDelegate.m in Sources */ = {isa = PBXBuildFile; fileRef = E7AB27501BF48A5F00A5116B /* AppDelegate.m */; };
		E7AB27541BF48A5F00A5116B /* ViewController.m in Sources */ = {isa = PBXBuildFile; fileRef = E7AB27531BF48A5F00A5116B /* ViewController.m */; };
		E7AB27571BF48A5F00A5116B /* Main.storyboard in Resources */ = {isa = PBXBuildFile; fileRef = E7AB27551BF48A5F00A5116B /* Main.storyboard */; };
		E7AB27591BF48A5F00A5116B /* Assets.xcassets in Resources */ = {isa = PBXBuildFile; fileRef = E7AB27581BF48A5F00A5116B /* Assets.xcassets */; };
		E7AB275C1BF48A5F00A5116B /* LaunchScreen.storyboard in Resources */ = {isa = PBXBuildFile; fileRef = E7AB275A1BF48A5F00A5116B /* LaunchScreen.storyboard */; };
		E7AB27671BF48A5F00A5116B /* PLTipsTests.m in Sources */ = {isa = PBXBuildFile; fileRef = E7AB27661BF48A5F00A5116B /* PLTipsTests.m */; };
		E7AB27721BF48A5F00A5116B /* PLTipsUITests.m in Sources */ = {isa = PBXBuildFile; fileRef = E7AB27711BF48A5F00A5116B /* PLTipsUITests.m */; };
/* End PBXBuildFile section */

/* Begin PBXContainerItemProxy section */
		E7AB27631BF48A5F00A5116B /* PBXContainerItemProxy */ = {
			isa = PBXContainerItemProxy;
			containerPortal = E7AB27411BF48A5F00A5116B /* Project object */;
			proxyType = 1;
			remoteGlobalIDString = E7AB27481BF48A5F00A5116B;
			remoteInfo = PLTips;
		};
		E7AB276E1BF48A5F00A5116B /* PBXContainerItemProxy */ = {
			isa = PBXContainerItemProxy;
			containerPortal = E7AB27411BF48A5F00A5116B /* Project object */;
			proxyType = 1;
			remoteGlobalIDString = E7AB27481BF48A5F00A5116B;
			remoteInfo = PLTips;
		};
/* End PBXContainerItemProxy section */

/* Begin PBXFileReference section */
		E7AB27491BF48A5F00A5116B /* PLTips.app */ = {isa = PBXFileReference; explicitFileType = wrapper.application; includeInIndex = 0; path = PLTips.app; sourceTree = BUILT_PRODUCTS_DIR; };
		E7AB274D1BF48A5F00A5116B /* main.m */ = {isa = PBXFileReference; lastKnownFileType = sourcecode.c.objc; path = main.m; sourceTree = "<group>"; };
		E7AB274F1BF48A5F00A5116B /* AppDelegate.h */ = {isa = PBXFileReference; lastKnownFileType = sourcecode.c.h; path = AppDelegate.h; sourceTree = "<group>"; };
		E7AB27501BF48A5F00A5116B /* AppDelegate.m */ = {isa = PBXFileReference; lastKnownFileType = sourcecode.c.objc; path = AppDelegate.m; sourceTree = "<group>"; };
		E7AB27521BF48A5F00A5116B /* ViewController.h */ = {isa = PBXFileReference; lastKnownFileType = sourcecode.c.h; path = ViewController.h; sourceTree = "<group>"; };
		E7AB27531BF48A5F00A5116B /* ViewController.m */ = {isa = PBXFileReference; lastKnownFileType = sourcecode.c.objc; path = ViewController.m; sourceTree = "<group>"; };
		E7AB27561BF48A5F00A5116B /* Base */ = {isa = PBXFileReference; lastKnownFileType = file.storyboard; name = Base; path = Base.lproj/Main.storyboard; sourceTree = "<group>"; };
		E7AB27581BF48A5F00A5116B /* Assets.xcassets */ = {isa = PBXFileReference; lastKnownFileType = folder.assetcatalog; path = Assets.xcassets; sourceTree = "<group>"; };
		E7AB275B1BF48A5F00A5116B /* Base */ = {isa = PBXFileReference; lastKnownFileType = file.storyboard; name = Base; path = Base.lproj/LaunchScreen.storyboard; sourceTree = "<group>"; };
		E7AB275D1BF48A5F00A5116B /* Info.plist */ = {isa = PBXFileReference; lastKnownFileType = text.plist.xml; path = Info.plist; sourceTree = "<group>"; };
		E7AB27621BF48A5F00A5116B /* PLTipsTests.xctest */ = {isa = PBXFileReference; explicitFileType = wrapper.cfbundle; includeInIndex = 0; path = PLTipsTests.xctest; sourceTree = BUILT_PRODUCTS_DIR; };
		E7AB27661BF48A5F00A5116B /* PLTipsTests.m */ = {isa = PBXFileReference; lastKnownFileType = sourcecode.c.objc; path = PLTipsTests.m; sourceTree = "<group>"; };
		E7AB27681BF48A5F00A5116B /* Info.plist */ = {isa = PBXFileReference; lastKnownFileType = text.plist.xml; path = Info.plist; sourceTree = "<group>"; };
		E7AB276D1BF48A5F00A5116B /* PLTipsUITests.xctest */ = {isa = PBXFileReference; explicitFileType = wrapper.cfbundle; includeInIndex = 0; path = PLTipsUITests.xctest; sourceTree = BUILT_PRODUCTS_DIR; };
		E7AB27711BF48A5F00A5116B /* PLTipsUITests.m */ = {isa = PBXFileReference; lastKnownFileType = sourcecode.c.objc; path = PLTipsUITests.m; sourceTree = "<group>"; };
		E7AB27731BF48A5F00A5116B /* Info.plist */ = {isa = PBXFileReference; lastKnownFileType = text.plist.xml; path = Info.plist; sourceTree = "<group>"; };
/* End PBXFileReference section */

/* Begin PBXFrameworksBuildPhase section */
		E7AB27461BF48A5F00A5116B /* Frameworks */ = {
			isa = PBXFrameworksBuildPhase;
			buildActionMask = 2147483647;
			files = (
			);
			runOnlyForDeploymentPostprocessing = 0;
		};
		E7AB275F1BF48A5F00A5116B /* Frameworks */ = {
			isa = PBXFrameworksBuildPhase;
			buildActionMask = 2147483647;
			files = (
			);
			runOnlyForDeploymentPostprocessing = 0;
		};
		E7AB276A1BF48A5F00A5116B /* Frameworks */ = {
			isa = PBXFrameworksBuildPhase;
			buildActionMask = 2147483647;
			files = (
			);
			runOnlyForDeploymentPostprocessing = 0;
		};
/* End PBXFrameworksBuildPhase section */

/* Begin PBXGroup section */
		E7AB27401BF48A5F00A5116B = {
			isa = PBXGroup;
			children = (
				E7AB274B1BF48A5F00A5116B /* PLTips */,
				E7AB27651BF48A5F00A5116B /* PLTipsTests */,
				E7AB27701BF48A5F00A5116B /* PLTipsUITests */,
				E7AB274A1BF48A5F00A5116B /* Products */,
			);
			sourceTree = "<group>";
		};
		E7AB274A1BF48A5F00A5116B /* Products */ = {
			isa = PBXGroup;
			children = (
				E7AB27491BF48A5F00A5116B /* PLTips.app */,
				E7AB27621BF48A5F00A5116B /* PLTipsTests.xctest */,
				E7AB276D1BF48A5F00A5116B /* PLTipsUITests.xctest */,
			);
			name = Products;
			sourceTree = "<group>";
		};
		E7AB274B1BF48A5F00A5116B /* PLTips */ = {
			isa = PBXGroup;
			children = (
				E7AB274F1BF48A5F00A5116B /* AppDelegate.h */,
				E7AB27501BF48A5F00A5116B /* AppDelegate.m */,
				E7AB27521BF48A5F00A5116B /* ViewController.h */,
				E7AB27531BF48A5F00A5116B /* ViewController.m */,
				E7AB27551BF48A5F00A5116B /* Main.storyboard */,
				E7AB27581BF48A5F00A5116B /* Assets.xcassets */,
				E7AB275A1BF48A5F00A5116B /* LaunchScreen.storyboard */,
				E7AB275D1BF48A5F00A5116B /* Info.plist */,
				E7AB274C1BF48A5F00A5116B /* Supporting Files */,
			);
			path = PLTips;
			sourceTree = "<group>";
		};
		E7AB274C1BF48A5F00A5116B /* Supporting Files */ = {
			isa = PBXGroup;
			children = (
				E7AB274D1BF48A5F00A5116B /* main.m */,
			);
			name = "Supporting Files";
			sourceTree = "<group>";
		};
		E7AB27651BF48A5F00A5116B /* PLTipsTests */ = {
			isa = PBXGroup;
			children = (
				E7AB27661BF48A5F00A5116B /* PLTipsTests.m */,
				E7AB27681BF48A5F00A5116B /* Info.plist */,
			);
			path = PLTipsTests;
			sourceTree = "<group>";
		};
		E7AB27701BF48A5F00A5116B /* PLTipsUITests */ = {
			isa = PBXGroup;
			children = (
				E7AB27711BF48A5F00A5116B /* PLTipsUITests.m */,
				E7AB27731BF48A5F00A5116B /* Info.plist */,
			);
			path = PLTipsUITests;
			sourceTree = "<group>";
		};
/* End PBXGroup section */

/* Begin PBXNativeTarget section */
		E7AB27481BF48A5F00A5116B /* PLTips */ = {
			isa = PBXNativeTarget;
			buildConfigurationList = E7AB27761BF48A6000A5116B /* Build configuration list for PBXNativeTarget "PLTips" */;
			buildPhases = (
				E7AB27451BF48A5F00A5116B /* Sources */,
				E7AB27461BF48A5F00A5116B /* Frameworks */,
				E7AB27471BF48A5F00A5116B /* Resources */,
			);
			buildRules = (
			);
			dependencies = (
			);
			name = PLTips;
			productName = PLTips;
			productReference = E7AB27491BF48A5F00A5116B /* PLTips.app */;
			productType = "com.apple.product-type.application";
		};
		E7AB27611BF48A5F00A5116B /* PLTipsTests */ = {
			isa = PBXNativeTarget;
			buildConfigurationList = E7AB27791BF48A6000A5116B /* Build configuration list for PBXNativeTarget "PLTipsTests" */;
			buildPhases = (
				E7AB275E1BF48A5F00A5116B /* Sources */,
				E7AB275F1BF48A5F00A5116B /* Frameworks */,
				E7AB27601BF48A5F00A5116B /* Resources */,
			);
			buildRules = (
			);
			dependencies = (
				E7AB27641BF48A5F00A5116B /* PBXTargetDependency */,
			);
			name = PLTipsTests;
			productName = PLTipsTests;
			productReference = E7AB27621BF48A5F00A5116B /* PLTipsTests.xctest */;
			productType = "com.apple.product-type.bundle.unit-test";
		};
		E7AB276C1BF48A5F00A5116B /* PLTipsUITests */ = {
			isa = PBXNativeTarget;
			buildConfigurationList = E7AB277C1BF48A6000A5116B /* Build configuration list for PBXNativeTarget "PLTipsUITests" */;
			buildPhases = (
				E7AB27691BF48A5F00A5116B /* Sources */,
				E7AB276A1BF48A5F00A5116B /* Frameworks */,
				E7AB276B1BF48A5F00A5116B /* Resources */,
			);
			buildRules = (
			);
			dependencies = (
				E7AB276F1BF48A5F00A5116B /* PBXTargetDependency */,
			);
			name = PLTipsUITests;
			productName = PLTipsUITests;
			productReference = E7AB276D1BF48A5F00A5116B /* PLTipsUITests.xctest */;
			productType = "com.apple.product-type.bundle.ui-testing";
		};
/* End PBXNativeTarget section */

/* Begin PBXProject section */
		E7AB27411BF48A5F00A5116B /* Project object */ = {
			isa = PBXProject;
			attributes = {
				LastUpgradeCheck = 0710;
				ORGANIZATIONNAME = apple;
				TargetAttributes = {
					E7AB27481BF48A5F00A5116B = {
						CreatedOnToolsVersion = 7.1.1;
					};
					E7AB27611BF48A5F00A5116B = {
						CreatedOnToolsVersion = 7.1.1;
						TestTargetID = E7AB27481BF48A5F00A5116B;
					};
					E7AB276C1BF48A5F00A5116B = {
						CreatedOnToolsVersion = 7.1.1;
						TestTargetID = E7AB27481BF48A5F00A5116B;
					};
				};
			};
			buildConfigurationList = E7AB27441BF48A5F00A5116B /* Build configuration list for PBXProject "PLTips" */;
			compatibilityVersion = "Xcode 3.2";
			developmentRegion = English;
			hasScannedForEncodings = 0;
			knownRegions = (
				en,
				Base,
			);
			mainGroup = E7AB27401BF48A5F00A5116B;
			productRefGroup = E7AB274A1BF48A5F00A5116B /* Products */;
			projectDirPath = "";
			projectRoot = "";
			targets = (
				E7AB27481BF48A5F00A5116B /* PLTips */,
				E7AB27611BF48A5F00A5116B /* PLTipsTests */,
				E7AB276C1BF48A5F00A5116B /* PLTipsUITests */,
			);
		};
/* End PBXProject section */

/* Begin PBXResourcesBuildPhase section */
		E7AB27471BF48A5F00A5116B /* Resources */ = {
			isa = PBXResourcesBuildPhase;
			buildActionMask = 2147483647;
			files = (
				E7AB275C1BF48A5F00A5116B /* LaunchScreen.storyboard in Resources */,
				E7AB27591BF48A5F00A5116B /* Assets.xcassets in Resources */,
				E7AB27571BF48A5F00A5116B /* Main.storyboard in Resources */,
			);
			runOnlyForDeploymentPostprocessing = 0;
		};
		E7AB27601BF48A5F00A5116B /* Resources */ = {
			isa = PBXResourcesBuildPhase;
			buildActionMask = 2147483647;
			files = (
			);
			runOnlyForDeploymentPostprocessing = 0;
		};
		E7AB276B1BF48A5F00A5116B /* Resources */ = {
			isa = PBXResourcesBuildPhase;
			buildActionMask = 2147483647;
			files = (
			);
			runOnlyForDeploymentPostprocessing = 0;
		};
/* End PBXResourcesBuildPhase section */

/* Begin PBXSourcesBuildPhase section */
		E7AB27451BF48A5F00A5116B /* Sources */ = {
			isa = PBXSourcesBuildPhase;
			buildActionMask = 2147483647;
			files = (
				E7AB27541BF48A5F00A5116B /* ViewController.m in Sources */,
				E7AB27511BF48A5F00A5116B /* AppDelegate.m in Sources */,
				E7AB274E1BF48A5F00A5116B /* main.m in Sources */,
			);
			runOnlyForDeploymentPostprocessing = 0;
		};
		E7AB275E1BF48A5F00A5116B /* Sources */ = {
			isa = PBXSourcesBuildPhase;
			buildActionMask = 2147483647;
			files = (
				E7AB27671BF48A5F00A5116B /* PLTipsTests.m in Sources */,
			);
			runOnlyForDeploymentPostprocessing = 0;
		};
		E7AB27691BF48A5F00A5116B /* Sources */ = {
			isa = PBXSourcesBuildPhase;
			buildActionMask = 2147483647;
			files = (
				E7AB27721BF48A5F00A5116B /* PLTipsUITests.m in Sources */,
			);
			runOnlyForDeploymentPostprocessing = 0;
		};
/* End PBXSourcesBuildPhase section */

/* Begin PBXTargetDependency section */
		E7AB27641BF48A5F00A5116B /* PBXTargetDependency */ = {
			isa = PBXTargetDependency;
			target = E7AB27481BF48A5F00A5116B /* PLTips */;
			targetProxy = E7AB27631BF48A5F00A5116B /* PBXContainerItemProxy */;
		};
		E7AB276F1BF48A5F00A5116B /* PBXTargetDependency */ = {
			isa = PBXTargetDependency;
			target = E7AB27481BF48A5F00A5116B /* PLTips */;
			targetProxy = E7AB276E1BF48A5F00A5116B /* PBXContainerItemProxy */;
		};
/* End PBXTargetDependency section */

/* Begin PBXVariantGroup section */
		E7AB27551BF48A5F00A5116B /* Main.storyboard */ = {
			isa = PBXVariantGroup;
			children = (
				E7AB27561BF48A5F00A5116B /* Base */,
			);
			name = Main.storyboard;
			sourceTree = "<group>";
		};
		E7AB275A1BF48A5F00A5116B /* LaunchScreen.storyboard */ = {
			isa = PBXVariantGroup;
			children = (
				E7AB275B1BF48A5F00A5116B /* Base */,
			);
			name = LaunchScreen.storyboard;
			sourceTree = "<group>";
		};
/* End PBXVariantGroup section */

/* Begin XCBuildConfiguration section */
		E7AB27741BF48A6000A5116B /* Debug */ = {
			isa = XCBuildConfiguration;
			buildSettings = {
				ALWAYS_SEARCH_USER_PATHS = NO;
				CLANG_CXX_LANGUAGE_STANDARD = "gnu++0x";
				CLANG_CXX_LIBRARY = "libc++";
				CLANG_ENABLE_MODULES = YES;
				CLANG_ENABLE_OBJC_ARC = YES;
				CLANG_WARN_BOOL_CONVERSION = YES;
				CLANG_WARN_CONSTANT_CONVERSION = YES;
				CLANG_WARN_DIRECT_OBJC_ISA_USAGE = YES_ERROR;
				CLANG_WARN_EMPTY_BODY = YES;
				CLANG_WARN_ENUM_CONVERSION = YES;
				CLANG_WARN_INT_CONVERSION = YES;
				CLANG_WARN_OBJC_ROOT_CLASS = YES_ERROR;
				CLANG_WARN_UNREACHABLE_CODE = YES;
				CLANG_WARN__DUPLICATE_METHOD_MATCH = YES;
				"CODE_SIGN_IDENTITY[sdk=iphoneos*]" = "iPhone Developer";
				COPY_PHASE_STRIP = NO;
				DEBUG_INFORMATION_FORMAT = dwarf;
				ENABLE_STRICT_OBJC_MSGSEND = YES;
				ENABLE_TESTABILITY = YES;
				GCC_C_LANGUAGE_STANDARD = gnu99;
				GCC_DYNAMIC_NO_PIC = NO;
				GCC_NO_COMMON_BLOCKS = YES;
				GCC_OPTIMIZATION_LEVEL = 0;
				GCC_PREPROCESSOR_DEFINITIONS = (
					"DEBUG=1",
					"$(inherited)",
				);
				GCC_WARN_64_TO_32_BIT_CONVERSION = YES;
				GCC_WARN_ABOUT_RETURN_TYPE = YES_ERROR;
				GCC_WARN_UNDECLARED_SELECTOR = YES;
				GCC_WARN_UNINITIALIZED_AUTOS = YES_AGGRESSIVE;
				GCC_WARN_UNUSED_FUNCTION = YES;
				GCC_WARN_UNUSED_VARIABLE = YES;
				IPHONEOS_DEPLOYMENT_TARGET = 9.1;
				MTL_ENABLE_DEBUG_INFO = YES;
				ONLY_ACTIVE_ARCH = YES;
				SDKROOT = iphoneos;
			};
			name = Debug;
		};
		E7AB27751BF48A6000A5116B /* Release */ = {
			isa = XCBuildConfiguration;
			buildSettings = {
				ALWAYS_SEARCH_USER_PATHS = NO;
				CLANG_CXX_LANGUAGE_STANDARD = "gnu++0x";
				CLANG_CXX_LIBRARY = "libc++";
				CLANG_ENABLE_MODULES = YES;
				CLANG_ENABLE_OBJC_ARC = YES;
				CLANG_WARN_BOOL_CONVERSION = YES;
				CLANG_WARN_CONSTANT_CONVERSION = YES;
				CLANG_WARN_DIRECT_OBJC_ISA_USAGE = YES_ERROR;
				CLANG_WARN_EMPTY_BODY = YES;
				CLANG_WARN_ENUM_CONVERSION = YES;
				CLANG_WARN_INT_CONVERSION = YES;
				CLANG_WARN_OBJC_ROOT_CLASS = YES_ERROR;
				CLANG_WARN_UNREACHABLE_CODE = YES;
				CLANG_WARN__DUPLICATE_METHOD_MATCH = YES;
				"CODE_SIGN_IDENTITY[sdk=iphoneos*]" = "iPhone Developer";
				COPY_PHASE_STRIP = NO;
				DEBUG_INFORMATION_FORMAT = "dwarf-with-dsym";
				ENABLE_NS_ASSERTIONS = NO;
				ENABLE_STRICT_OBJC_MSGSEND = YES;
				GCC_C_LANGUAGE_STANDARD = gnu99;
				GCC_NO_COMMON_BLOCKS = YES;
				GCC_WARN_64_TO_32_BIT_CONVERSION = YES;
				GCC_WARN_ABOUT_RETURN_TYPE = YES_ERROR;
				GCC_WARN_UNDECLARED_SELECTOR = YES;
				GCC_WARN_UNINITIALIZED_AUTOS = YES_AGGRESSIVE;
				GCC_WARN_UNUSED_FUNCTION = YES;
				GCC_WARN_UNUSED_VARIABLE = YES;
				IPHONEOS_DEPLOYMENT_TARGET = 9.1;
				MTL_ENABLE_DEBUG_INFO = NO;
				SDKROOT = iphoneos;
				VALIDATE_PRODUCT = YES;
			};
			name = Release;
		};
		E7AB27771BF48A6000A5116B /* Debug */ = {
			isa = XCBuildConfiguration;
			buildSettings = {
				ASSETCATALOG_COMPILER_APPICON_NAME = AppIcon;
				INFOPLIST_FILE = PLTips/Info.plist;
				LD_RUNPATH_SEARCH_PATHS = "$(inherited) @executable_path/Frameworks";
				PRODUCT_BUNDLE_IDENTIFIER = PangLong.PLTips;
				PRODUCT_NAME = "$(TARGET_NAME)";
			};
			name = Debug;
		};
		E7AB27781BF48A6000A5116B /* Release */ = {
			isa = XCBuildConfiguration;
			buildSettings = {
				ASSETCATALOG_COMPILER_APPICON_NAME = AppIcon;
				INFOPLIST_FILE = PLTips/Info.plist;
				LD_RUNPATH_SEARCH_PATHS = "$(inherited) @executable_path/Frameworks";
				PRODUCT_BUNDLE_IDENTIFIER = PangLong.PLTips;
				PRODUCT_NAME = "$(TARGET_NAME)";
			};
			name = Release;
		};
		E7AB277A1BF48A6000A5116B /* Debug */ = {
			isa = XCBuildConfiguration;
			buildSettings = {
				BUNDLE_LOADER = "$(TEST_HOST)";
				INFOPLIST_FILE = PLTipsTests/Info.plist;
				LD_RUNPATH_SEARCH_PATHS = "$(inherited) @executable_path/Frameworks @loader_path/Frameworks";
				PRODUCT_BUNDLE_IDENTIFIER = PangLong.PLTipsTests;
				PRODUCT_NAME = "$(TARGET_NAME)";
				TEST_HOST = "$(BUILT_PRODUCTS_DIR)/PLTips.app/PLTips";
			};
			name = Debug;
		};
		E7AB277B1BF48A6000A5116B /* Release */ = {
			isa = XCBuildConfiguration;
			buildSettings = {
				BUNDLE_LOADER = "$(TEST_HOST)";
				INFOPLIST_FILE = PLTipsTests/Info.plist;
				LD_RUNPATH_SEARCH_PATHS = "$(inherited) @executable_path/Frameworks @loader_path/Frameworks";
				PRODUCT_BUNDLE_IDENTIFIER = PangLong.PLTipsTests;
				PRODUCT_NAME = "$(TARGET_NAME)";
				TEST_HOST = "$(BUILT_PRODUCTS_DIR)/PLTips.app/PLTips";
			};
			name = Release;
		};
		E7AB277D1BF48A6000A5116B /* Debug */ = {
			isa = XCBuildConfiguration;
			buildSettings = {
				INFOPLIST_FILE = PLTipsUITests/Info.plist;
				LD_RUNPATH_SEARCH_PATHS = "$(inherited) @executable_path/Frameworks @loader_path/Frameworks";
				PRODUCT_BUNDLE_IDENTIFIER = PangLong.PLTipsUITests;
				PRODUCT_NAME = "$(TARGET_NAME)";
				TEST_TARGET_NAME = PLTips;
				USES_XCTRUNNER = YES;
			};
			name = Debug;
		};
		E7AB277E1BF48A6000A5116B /* Release */ = {
			isa = XCBuildConfiguration;
			buildSettings = {
				INFOPLIST_FILE = PLTipsUITests/Info.plist;
				LD_RUNPATH_SEARCH_PATHS = "$(inherited) @executable_path/Frameworks @loader_path/Frameworks";
				PRODUCT_BUNDLE_IDENTIFIER = PangLong.PLTipsUITests;
				PRODUCT_NAME = "$(TARGET_NAME)";
				TEST_TARGET_NAME = PLTips;
				USES_XCTRUNNER = YES;
			};
			name = Release;
		};
/* End XCBuildConfiguration section */

/* Begin XCConfigurationList section */
		E7AB27441BF48A5F00A5116B /* Build configuration list for PBXProject "PLTips" */ = {
			isa = XCConfigurationList;
			buildConfigurations = (
				E7AB27741BF48A6000A5116B /* Debug */,
				E7AB27751BF48A6000A5116B /* Release */,
			);
			defaultConfigurationIsVisible = 0;
			defaultConfigurationName = Release;
		};
		E7AB27761BF48A6000A5116B /* Build configuration list for PBXNativeTarget "PLTips" */ = {
			isa = XCConfigurationList;
			buildConfigurations = (
				E7AB27771BF48A6000A5116B /* Debug */,
				E7AB27781BF48A6000A5116B /* Release */,
			);
			defaultConfigurationIsVisible = 0;
		};
		E7AB27791BF48A6000A5116B /* Build configuration list for PBXNativeTarget "PLTipsTests" */ = {
			isa = XCConfigurationList;
			buildConfigurations = (
				E7AB277A1BF48A6000A5116B /* Debug */,
				E7AB277B1BF48A6000A5116B /* Release */,
			);
			defaultConfigurationIsVisible = 0;
		};
		E7AB277C1BF48A6000A5116B /* Build configuration list for PBXNativeTarget "PLTipsUITests" */ = {
			isa = XCConfigurationList;
			buildConfigurations = (
				E7AB277D1BF48A6000A5116B /* Debug */,
				E7AB277E1BF48A6000A5116B /* Release */,
			);
			defaultConfigurationIsVisible = 0;
		};
/* End XCConfigurationList section */
	};
	rootObject = E7AB27411BF48A5F00A5116B /* Project object */;
}
